
Microsoft Visual Studio Solution File, Format Version 12.00
# Visual Studio Version 17
VisualStudioVersion = 17.14.36603.0 d17.14
MinimumVisualStudioVersion = 10.0.40219.1
Project("{FAE04EC0-301F-11D3-BF4B-00C04F79EFBC}") = "WpfLocalDbDemo", "WpfLocalDbDemo.csproj", "{B12EC573-50D0-496C-9AAD-2CBCDC9CBA6F}"
EndProject
Global
	GlobalSection(SolutionConfigurationPlatforms) = preSolution
		Debug|Any CPU = Debug|Any CPU
		Release|Any CPU = Release|Any CPU
	EndGlobalSection
	GlobalSection(ProjectConfigurationPlatforms) = postSolution
		{B12EC573-50D0-496C-9AAD-2CBCDC9CBA6F}.Debug|Any CPU.ActiveCfg = Debug|Any CPU
		{B12EC573-50D0-496C-9AAD-2CBCDC9CBA6F}.Debug|Any CPU.Build.0 = Debug|Any CPU
		{B12EC573-50D0-496C-9AAD-2CBCDC9CBA6F}.Release|Any CPU.ActiveCfg = Release|Any CPU
		{B12EC573-50D0-496C-9AAD-2CBCDC9CBA6F}.Release|Any CPU.Build.0 = Release|Any CPU
	EndGlobalSection
	GlobalSection(SolutionProperties) = preSolution
		HideSolutionNode = FALSE
	EndGlobalSection
	GlobalSection(ExtensibilityGlobals) = postSolution
		SolutionGuid = {3AD2C47A-9028-4AB4-8763-E5738937FEE2}
	EndGlobalSection
EndGlobal
